
Microsoft Visual Studio Solution File, Format Version 12.00
# Visual Studio Version 17
VisualStudioVersion = 17.14.36408.4
MinimumVisualStudioVersion = 10.0.40219.1
Project("{FAE04EC0-301F-11D3-BF4B-00C04F79EFBC}") = "01_MainSubjects", "01_MainSubjects\01_MainSubjects.csproj", "{FB66FFDB-9C4B-4287-9612-FE5CBCD25489}"
EndProject
Project("{FAE04EC0-301F-11D3-BF4B-00C04F79EFBC}") = "02_Variables", "02_Variables\02_Variables.csproj", "{48C9C200-80DC-48FA-ADEB-B57041A928A6}"
EndProject
Project("{FAE04EC0-301F-11D3-BF4B-00C04F79EFBC}") = "03_MakingDecisions", "03_MakingDecisions\03_MakingDecisions.csproj", "{ED06A561-9F42-497A-A118-25A3B640C780}"
EndProject
Project("{FAE04EC0-301F-11D3-BF4B-00C04F79EFBC}") = "04_Loops", "04_Loops\04_Loops.csproj", "{EB89CA30-10AF-47F7-ADEB-CB16ECF57EEF}"
EndProject
Project("{FAE04EC0-301F-11D3-BF4B-00C04F79EFBC}") = "05_StarLoops", "05_StarLoops\05_StarLoops.csproj", "{4D5CCBFB-BE64-4295-BF29-FFA1C9ABD0F7}"
EndProject
Global
	GlobalSection(SolutionConfigurationPlatforms) = preSolution
		Debug|Any CPU = Debug|Any CPU
		Release|Any CPU = Release|Any CPU
	EndGlobalSection
	GlobalSection(ProjectConfigurationPlatforms) = postSolution
		{FB66FFDB-9C4B-4287-9612-FE5CBCD25489}.Debug|Any CPU.ActiveCfg = Debug|Any CPU
		{FB66FFDB-9C4B-4287-9612-FE5CBCD25489}.Debug|Any CPU.Build.0 = Debug|Any CPU
		{FB66FFDB-9C4B-4287-9612-FE5CBCD25489}.Release|Any CPU.ActiveCfg = Release|Any CPU
		{FB66FFDB-9C4B-4287-9612-FE5CBCD25489}.Release|Any CPU.Build.0 = Release|Any CPU
		{48C9C200-80DC-48FA-ADEB-B57041A928A6}.Debug|Any CPU.ActiveCfg = Debug|Any CPU
		{48C9C200-80DC-48FA-ADEB-B57041A928A6}.Debug|Any CPU.Build.0 = Debug|Any CPU
		{48C9C200-80DC-48FA-ADEB-B57041A928A6}.Release|Any CPU.ActiveCfg = Release|Any CPU
		{48C9C200-80DC-48FA-ADEB-B57041A928A6}.Release|Any CPU.Build.0 = Release|Any CPU
		{ED06A561-9F42-497A-A118-25A3B640C780}.Debug|Any CPU.ActiveCfg = Debug|Any CPU
		{ED06A561-9F42-497A-A118-25A3B640C780}.Debug|Any CPU.Build.0 = Debug|Any CPU
		{ED06A561-9F42-497A-A118-25A3B640C780}.Release|Any CPU.ActiveCfg = Release|Any CPU
		{ED06A561-9F42-497A-A118-25A3B640C780}.Release|Any CPU.Build.0 = Release|Any CPU
		{EB89CA30-10AF-47F7-ADEB-CB16ECF57EEF}.Debug|Any CPU.ActiveCfg = Debug|Any CPU
		{EB89CA30-10AF-47F7-ADEB-CB16ECF57EEF}.Debug|Any CPU.Build.0 = Debug|Any CPU
		{EB89CA30-10AF-47F7-ADEB-CB16ECF57EEF}.Release|Any CPU.ActiveCfg = Release|Any CPU
		{EB89CA30-10AF-47F7-ADEB-CB16ECF57EEF}.Release|Any CPU.Build.0 = Release|Any CPU
		{4D5CCBFB-BE64-4295-BF29-FFA1C9ABD0F7}.Debug|Any CPU.ActiveCfg = Debug|Any CPU
		{4D5CCBFB-BE64-4295-BF29-FFA1C9ABD0F7}.Debug|Any CPU.Build.0 = Debug|Any CPU
		{4D5CCBFB-BE64-4295-BF29-FFA1C9ABD0F7}.Release|Any CPU.ActiveCfg = Release|Any CPU
		{4D5CCBFB-BE64-4295-BF29-FFA1C9ABD0F7}.Release|Any CPU.Build.0 = Release|Any CPU
	EndGlobalSection
	GlobalSection(SolutionProperties) = preSolution
		HideSolutionNode = FALSE
	EndGlobalSection
	GlobalSection(ExtensibilityGlobals) = postSolution
		SolutionGuid = {FA42796E-4E02-47CC-B9EB-A576A2E95AA0}
	EndGlobalSection
EndGlobal
