
Microsoft Visual Studio Solution File, Format Version 12.00
# Visual Studio Version 17
VisualStudioVersion = 17.14.36408.4
MinimumVisualStudioVersion = 10.0.40219.1
Project("{FAE04EC0-301F-11D3-BF4B-00C04F79EFBC}") = "01_MainSubjects", "01_MainSubjects\01_MainSubjects.csproj", "{FB66FFDB-9C4B-4287-9612-FE5CBCD25489}"
EndProject
Project("{FAE04EC0-301F-11D3-BF4B-00C04F79EFBC}") = "02_Variables", "02_Variables\02_Variables.csproj", "{48C9C200-80DC-48FA-ADEB-B57041A928A6}"
EndProject
Project("{FAE04EC0-301F-11D3-BF4B-00C04F79EFBC}") = "03_MakingDecisions", "03_MakingDecisions\03_MakingDecisions.csproj", "{ED06A561-9F42-497A-A118-25A3B640C780}"
EndProject
Project("{FAE04EC0-301F-11D3-BF4B-00C04F79EFBC}") = "04_Loops", "04_Loops\04_Loops.csproj", "{EB89CA30-10AF-47F7-ADEB-CB16ECF57EEF}"
EndProject
Project("{FAE04EC0-301F-11D3-BF4B-00C04F79EFBC}") = "05_StarLoops", "05_StarLoops\05_StarLoops.csproj", "{4D5CCBFB-BE64-4295-BF29-FFA1C9ABD0F7}"
EndProject
Project("{FAE04EC0-301F-11D3-BF4B-00C04F79EFBC}") = "06_Arrays", "06_Arrays\06_Arrays.csproj", "{FB231D26-21D2-4A7D-9742-0F9B5483AF82}"
EndProject
Project("{FAE04EC0-301F-11D3-BF4B-00C04F79EFBC}") = "07_ForeachLoops", "07_ForeachLoops\07_ForeachLoops.csproj", "{847ADB2C-0116-493F-842B-1005FBCAD86F}"
EndProject
Project("{FAE04EC0-301F-11D3-BF4B-00C04F79EFBC}") = "08_Methods", "08_Methods\08_Methods.csproj", "{C64C6B96-4DFF-4F30-ABFD-82F99C4EE05D}"
EndProject
Project("{FAE04EC0-301F-11D3-BF4B-00C04F79EFBC}") = "09_DatabaseProject", "09_DatabaseProject\09_DatabaseProject.csproj", "{722F11A9-53A9-4B41-A778-18E43DE5448C}"
EndProject
Global
	GlobalSection(SolutionConfigurationPlatforms) = preSolution
		Debug|Any CPU = Debug|Any CPU
		Release|Any CPU = Release|Any CPU
	EndGlobalSection
	GlobalSection(ProjectConfigurationPlatforms) = postSolution
		{FB66FFDB-9C4B-4287-9612-FE5CBCD25489}.Debug|Any CPU.ActiveCfg = Debug|Any CPU
		{FB66FFDB-9C4B-4287-9612-FE5CBCD25489}.Debug|Any CPU.Build.0 = Debug|Any CPU
		{FB66FFDB-9C4B-4287-9612-FE5CBCD25489}.Release|Any CPU.ActiveCfg = Release|Any CPU
		{FB66FFDB-9C4B-4287-9612-FE5CBCD25489}.Release|Any CPU.Build.0 = Release|Any CPU
		{48C9C200-80DC-48FA-ADEB-B57041A928A6}.Debug|Any CPU.ActiveCfg = Debug|Any CPU
		{48C9C200-80DC-48FA-ADEB-B57041A928A6}.Debug|Any CPU.Build.0 = Debug|Any CPU
		{48C9C200-80DC-48FA-ADEB-B57041A928A6}.Release|Any CPU.ActiveCfg = Release|Any CPU
		{48C9C200-80DC-48FA-ADEB-B57041A928A6}.Release|Any CPU.Build.0 = Release|Any CPU
		{ED06A561-9F42-497A-A118-25A3B640C780}.Debug|Any CPU.ActiveCfg = Debug|Any CPU
		{ED06A561-9F42-497A-A118-25A3B640C780}.Debug|Any CPU.Build.0 = Debug|Any CPU
		{ED06A561-9F42-497A-A118-25A3B640C780}.Release|Any CPU.ActiveCfg = Release|Any CPU
		{ED06A561-9F42-497A-A118-25A3B640C780}.Release|Any CPU.Build.0 = Release|Any CPU
		{EB89CA30-10AF-47F7-ADEB-CB16ECF57EEF}.Debug|Any CPU.ActiveCfg = Debug|Any CPU
		{EB89CA30-10AF-47F7-ADEB-CB16ECF57EEF}.Debug|Any CPU.Build.0 = Debug|Any CPU
		{EB89CA30-10AF-47F7-ADEB-CB16ECF57EEF}.Release|Any CPU.ActiveCfg = Release|Any CPU
		{EB89CA30-10AF-47F7-ADEB-CB16ECF57EEF}.Release|Any CPU.Build.0 = Release|Any CPU
		{4D5CCBFB-BE64-4295-BF29-FFA1C9ABD0F7}.Debug|Any CPU.ActiveCfg = Debug|Any CPU
		{4D5CCBFB-BE64-4295-BF29-FFA1C9ABD0F7}.Debug|Any CPU.Build.0 = Debug|Any CPU
		{4D5CCBFB-BE64-4295-BF29-FFA1C9ABD0F7}.Release|Any CPU.ActiveCfg = Release|Any CPU
		{4D5CCBFB-BE64-4295-BF29-FFA1C9ABD0F7}.Release|Any CPU.Build.0 = Release|Any CPU
		{FB231D26-21D2-4A7D-9742-0F9B5483AF82}.Debug|Any CPU.ActiveCfg = Debug|Any CPU
		{FB231D26-21D2-4A7D-9742-0F9B5483AF82}.Debug|Any CPU.Build.0 = Debug|Any CPU
		{FB231D26-21D2-4A7D-9742-0F9B5483AF82}.Release|Any CPU.ActiveCfg = Release|Any CPU
		{FB231D26-21D2-4A7D-9742-0F9B5483AF82}.Release|Any CPU.Build.0 = Release|Any CPU
		{847ADB2C-0116-493F-842B-1005FBCAD86F}.Debug|Any CPU.ActiveCfg = Debug|Any CPU
		{847ADB2C-0116-493F-842B-1005FBCAD86F}.Debug|Any CPU.Build.0 = Debug|Any CPU
		{847ADB2C-0116-493F-842B-1005FBCAD86F}.Release|Any CPU.ActiveCfg = Release|Any CPU
		{847ADB2C-0116-493F-842B-1005FBCAD86F}.Release|Any CPU.Build.0 = Release|Any CPU
		{C64C6B96-4DFF-4F30-ABFD-82F99C4EE05D}.Debug|Any CPU.ActiveCfg = Debug|Any CPU
		{C64C6B96-4DFF-4F30-ABFD-82F99C4EE05D}.Debug|Any CPU.Build.0 = Debug|Any CPU
		{C64C6B96-4DFF-4F30-ABFD-82F99C4EE05D}.Release|Any CPU.ActiveCfg = Release|Any CPU
		{C64C6B96-4DFF-4F30-ABFD-82F99C4EE05D}.Release|Any CPU.Build.0 = Release|Any CPU
		{722F11A9-53A9-4B41-A778-18E43DE5448C}.Debug|Any CPU.ActiveCfg = Debug|Any CPU
		{722F11A9-53A9-4B41-A778-18E43DE5448C}.Debug|Any CPU.Build.0 = Debug|Any CPU
		{722F11A9-53A9-4B41-A778-18E43DE5448C}.Release|Any CPU.ActiveCfg = Release|Any CPU
		{722F11A9-53A9-4B41-A778-18E43DE5448C}.Release|Any CPU.Build.0 = Release|Any CPU
	EndGlobalSection
	GlobalSection(SolutionProperties) = preSolution
		HideSolutionNode = FALSE
	EndGlobalSection
	GlobalSection(ExtensibilityGlobals) = postSolution
		SolutionGuid = {FA42796E-4E02-47CC-B9EB-A576A2E95AA0}
	EndGlobalSection
EndGlobal
